
Microsoft Visual Studio Solution File, Format Version 12.00
Project("{2150E333-8FDC-42A3-9474-1A3956D46DE8}") = "Years", "Years", "{FD8BDF4F-34B8-71A3-12A3-EB75D37D9221}"
EndProject
Project("{2150E333-8FDC-42A3-9474-1A3956D46DE8}") = "2025", "2025", "{F07E7339-834A-C650-4548-C4153BDE9F79}"
EndProject
Project("{2150E333-8FDC-42A3-9474-1A3956D46DE8}") = "Day01", "Day01", "{C27D2793-CE08-0373-2550-08316D437D5F}"
EndProject
Project("{FAE04EC0-301F-11D3-BF4B-00C04F79EFBC}") = "Y2025.Day01", "Years\2025\Day01\Y2025.Day01.csproj", "{EB6A846D-D96C-4F1B-A025-F4F480C40457}"
EndProject
Project("{2150E333-8FDC-42A3-9474-1A3956D46DE8}") = "Day02", "Day02", "{5AA8C3DC-4850-DFA5-7950-9CF8D1BC8699}"
EndProject
Project("{FAE04EC0-301F-11D3-BF4B-00C04F79EFBC}") = "Y2025.Day02", "Years\2025\Day02\Y2025.Day02.csproj", "{229B1AE0-5F2D-41E8-A09D-1B0861B0E03E}"
EndProject
Project("{2150E333-8FDC-42A3-9474-1A3956D46DE8}") = "Day03", "Day03", "{A78523FE-5323-8A7B-A07F-6CDDBEFE7937}"
EndProject
Project("{FAE04EC0-301F-11D3-BF4B-00C04F79EFBC}") = "Y2025.Day03", "Years\2025\Day03\Y2025.Day03.csproj", "{5D4FBDB8-B4E7-4078-B386-BD9AE6CCEDAF}"
EndProject
Project("{2150E333-8FDC-42A3-9474-1A3956D46DE8}") = "Day04", "Day04", "{71622714-1DB8-54C3-5C3C-D128F71D2A47}"
EndProject
Project("{FAE04EC0-301F-11D3-BF4B-00C04F79EFBC}") = "Y2025.Day04", "Years\2025\Day04\Y2025.Day04.csproj", "{EFF3F6D0-097F-4171-94CD-6C735131817F}"
EndProject
Project("{2150E333-8FDC-42A3-9474-1A3956D46DE8}") = "Day05", "Day05", "{8EF3552D-9D27-3D14-2FF5-E5D5BB2DEAA1}"
EndProject
Project("{FAE04EC0-301F-11D3-BF4B-00C04F79EFBC}") = "Y2025.Day05", "Years\2025\Day05\Y2025.Day05.csproj", "{1C0A2337-BF91-4516-A6B6-DADC4F6AEF41}"
EndProject
Global
	GlobalSection(SolutionConfigurationPlatforms) = preSolution
		Debug|Any CPU = Debug|Any CPU
		Debug|x64 = Debug|x64
		Debug|x86 = Debug|x86
		Release|Any CPU = Release|Any CPU
		Release|x64 = Release|x64
		Release|x86 = Release|x86
	EndGlobalSection
	GlobalSection(ProjectConfigurationPlatforms) = postSolution
		{EB6A846D-D96C-4F1B-A025-F4F480C40457}.Debug|Any CPU.ActiveCfg = Debug|Any CPU
		{EB6A846D-D96C-4F1B-A025-F4F480C40457}.Debug|Any CPU.Build.0 = Debug|Any CPU
		{EB6A846D-D96C-4F1B-A025-F4F480C40457}.Debug|x64.ActiveCfg = Debug|Any CPU
		{EB6A846D-D96C-4F1B-A025-F4F480C40457}.Debug|x64.Build.0 = Debug|Any CPU
		{EB6A846D-D96C-4F1B-A025-F4F480C40457}.Debug|x86.ActiveCfg = Debug|Any CPU
		{EB6A846D-D96C-4F1B-A025-F4F480C40457}.Debug|x86.Build.0 = Debug|Any CPU
		{EB6A846D-D96C-4F1B-A025-F4F480C40457}.Release|Any CPU.ActiveCfg = Release|Any CPU
		{EB6A846D-D96C-4F1B-A025-F4F480C40457}.Release|Any CPU.Build.0 = Release|Any CPU
		{EB6A846D-D96C-4F1B-A025-F4F480C40457}.Release|x64.ActiveCfg = Release|Any CPU
		{EB6A846D-D96C-4F1B-A025-F4F480C40457}.Release|x64.Build.0 = Release|Any CPU
		{EB6A846D-D96C-4F1B-A025-F4F480C40457}.Release|x86.ActiveCfg = Release|Any CPU
		{EB6A846D-D96C-4F1B-A025-F4F480C40457}.Release|x86.Build.0 = Release|Any CPU
		{229B1AE0-5F2D-41E8-A09D-1B0861B0E03E}.Debug|Any CPU.ActiveCfg = Debug|Any CPU
		{229B1AE0-5F2D-41E8-A09D-1B0861B0E03E}.Debug|Any CPU.Build.0 = Debug|Any CPU
		{229B1AE0-5F2D-41E8-A09D-1B0861B0E03E}.Debug|x64.ActiveCfg = Debug|Any CPU
		{229B1AE0-5F2D-41E8-A09D-1B0861B0E03E}.Debug|x64.Build.0 = Debug|Any CPU
		{229B1AE0-5F2D-41E8-A09D-1B0861B0E03E}.Debug|x86.ActiveCfg = Debug|Any CPU
		{229B1AE0-5F2D-41E8-A09D-1B0861B0E03E}.Debug|x86.Build.0 = Debug|Any CPU
		{229B1AE0-5F2D-41E8-A09D-1B0861B0E03E}.Release|Any CPU.ActiveCfg = Release|Any CPU
		{229B1AE0-5F2D-41E8-A09D-1B0861B0E03E}.Release|Any CPU.Build.0 = Release|Any CPU
		{229B1AE0-5F2D-41E8-A09D-1B0861B0E03E}.Release|x64.ActiveCfg = Release|Any CPU
		{229B1AE0-5F2D-41E8-A09D-1B0861B0E03E}.Release|x64.Build.0 = Release|Any CPU
		{229B1AE0-5F2D-41E8-A09D-1B0861B0E03E}.Release|x86.ActiveCfg = Release|Any CPU
		{229B1AE0-5F2D-41E8-A09D-1B0861B0E03E}.Release|x86.Build.0 = Release|Any CPU
		{5D4FBDB8-B4E7-4078-B386-BD9AE6CCEDAF}.Debug|Any CPU.ActiveCfg = Debug|Any CPU
		{5D4FBDB8-B4E7-4078-B386-BD9AE6CCEDAF}.Debug|Any CPU.Build.0 = Debug|Any CPU
		{5D4FBDB8-B4E7-4078-B386-BD9AE6CCEDAF}.Debug|x64.ActiveCfg = Debug|Any CPU
		{5D4FBDB8-B4E7-4078-B386-BD9AE6CCEDAF}.Debug|x64.Build.0 = Debug|Any CPU
		{5D4FBDB8-B4E7-4078-B386-BD9AE6CCEDAF}.Debug|x86.ActiveCfg = Debug|Any CPU
		{5D4FBDB8-B4E7-4078-B386-BD9AE6CCEDAF}.Debug|x86.Build.0 = Debug|Any CPU
		{5D4FBDB8-B4E7-4078-B386-BD9AE6CCEDAF}.Release|Any CPU.ActiveCfg = Release|Any CPU
		{5D4FBDB8-B4E7-4078-B386-BD9AE6CCEDAF}.Release|Any CPU.Build.0 = Release|Any CPU
		{5D4FBDB8-B4E7-4078-B386-BD9AE6CCEDAF}.Release|x64.ActiveCfg = Release|Any CPU
		{5D4FBDB8-B4E7-4078-B386-BD9AE6CCEDAF}.Release|x64.Build.0 = Release|Any CPU
		{5D4FBDB8-B4E7-4078-B386-BD9AE6CCEDAF}.Release|x86.ActiveCfg = Release|Any CPU
		{5D4FBDB8-B4E7-4078-B386-BD9AE6CCEDAF}.Release|x86.Build.0 = Release|Any CPU
		{EFF3F6D0-097F-4171-94CD-6C735131817F}.Debug|Any CPU.ActiveCfg = Debug|Any CPU
		{EFF3F6D0-097F-4171-94CD-6C735131817F}.Debug|Any CPU.Build.0 = Debug|Any CPU
		{EFF3F6D0-097F-4171-94CD-6C735131817F}.Debug|x64.ActiveCfg = Debug|Any CPU
		{EFF3F6D0-097F-4171-94CD-6C735131817F}.Debug|x64.Build.0 = Debug|Any CPU
		{EFF3F6D0-097F-4171-94CD-6C735131817F}.Debug|x86.ActiveCfg = Debug|Any CPU
		{EFF3F6D0-097F-4171-94CD-6C735131817F}.Debug|x86.Build.0 = Debug|Any CPU
		{EFF3F6D0-097F-4171-94CD-6C735131817F}.Release|Any CPU.ActiveCfg = Release|Any CPU
		{EFF3F6D0-097F-4171-94CD-6C735131817F}.Release|Any CPU.Build.0 = Release|Any CPU
		{EFF3F6D0-097F-4171-94CD-6C735131817F}.Release|x64.ActiveCfg = Release|Any CPU
		{EFF3F6D0-097F-4171-94CD-6C735131817F}.Release|x64.Build.0 = Release|Any CPU
		{EFF3F6D0-097F-4171-94CD-6C735131817F}.Release|x86.ActiveCfg = Release|Any CPU
		{EFF3F6D0-097F-4171-94CD-6C735131817F}.Release|x86.Build.0 = Release|Any CPU
		{1C0A2337-BF91-4516-A6B6-DADC4F6AEF41}.Debug|Any CPU.ActiveCfg = Debug|Any CPU
		{1C0A2337-BF91-4516-A6B6-DADC4F6AEF41}.Debug|Any CPU.Build.0 = Debug|Any CPU
		{1C0A2337-BF91-4516-A6B6-DADC4F6AEF41}.Debug|x64.ActiveCfg = Debug|Any CPU
		{1C0A2337-BF91-4516-A6B6-DADC4F6AEF41}.Debug|x64.Build.0 = Debug|Any CPU
		{1C0A2337-BF91-4516-A6B6-DADC4F6AEF41}.Debug|x86.ActiveCfg = Debug|Any CPU
		{1C0A2337-BF91-4516-A6B6-DADC4F6AEF41}.Debug|x86.Build.0 = Debug|Any CPU
		{1C0A2337-BF91-4516-A6B6-DADC4F6AEF41}.Release|Any CPU.ActiveCfg = Release|Any CPU
		{1C0A2337-BF91-4516-A6B6-DADC4F6AEF41}.Release|Any CPU.Build.0 = Release|Any CPU
		{1C0A2337-BF91-4516-A6B6-DADC4F6AEF41}.Release|x64.ActiveCfg = Release|Any CPU
		{1C0A2337-BF91-4516-A6B6-DADC4F6AEF41}.Release|x64.Build.0 = Release|Any CPU
		{1C0A2337-BF91-4516-A6B6-DADC4F6AEF41}.Release|x86.ActiveCfg = Release|Any CPU
		{1C0A2337-BF91-4516-A6B6-DADC4F6AEF41}.Release|x86.Build.0 = Release|Any CPU
	EndGlobalSection
	GlobalSection(SolutionProperties) = preSolution
		HideSolutionNode = FALSE
	EndGlobalSection
	GlobalSection(NestedProjects) = preSolution
		{F07E7339-834A-C650-4548-C4153BDE9F79} = {FD8BDF4F-34B8-71A3-12A3-EB75D37D9221}
		{C27D2793-CE08-0373-2550-08316D437D5F} = {F07E7339-834A-C650-4548-C4153BDE9F79}
		{EB6A846D-D96C-4F1B-A025-F4F480C40457} = {C27D2793-CE08-0373-2550-08316D437D5F}
		{5AA8C3DC-4850-DFA5-7950-9CF8D1BC8699} = {F07E7339-834A-C650-4548-C4153BDE9F79}
		{229B1AE0-5F2D-41E8-A09D-1B0861B0E03E} = {5AA8C3DC-4850-DFA5-7950-9CF8D1BC8699}
		{A78523FE-5323-8A7B-A07F-6CDDBEFE7937} = {F07E7339-834A-C650-4548-C4153BDE9F79}
		{5D4FBDB8-B4E7-4078-B386-BD9AE6CCEDAF} = {A78523FE-5323-8A7B-A07F-6CDDBEFE7937}
		{71622714-1DB8-54C3-5C3C-D128F71D2A47} = {F07E7339-834A-C650-4548-C4153BDE9F79}
		{EFF3F6D0-097F-4171-94CD-6C735131817F} = {71622714-1DB8-54C3-5C3C-D128F71D2A47}
		{8EF3552D-9D27-3D14-2FF5-E5D5BB2DEAA1} = {F07E7339-834A-C650-4548-C4153BDE9F79}
		{1C0A2337-BF91-4516-A6B6-DADC4F6AEF41} = {8EF3552D-9D27-3D14-2FF5-E5D5BB2DEAA1}
	EndGlobalSection
EndGlobal
